
Microsoft Visual Studio Solution File, Format Version 12.00
# Visual Studio Version 17
VisualStudioVersion = 17.2.32526.322
MinimumVisualStudioVersion = 10.0.40219.1
Project("{FAE04EC0-301F-11D3-BF4B-00C04F79EFBC}") = "EntitiesNotifierSignalRDemo", "EntitiesNotifierSignalRDemo\EntitiesNotifierSignalRDemo.csproj", "{9DACC51D-A111-4530-A0A0-7AB66735E661}"
EndProject
Global
	GlobalSection(SolutionConfigurationPlatforms) = preSolution
		Debug|Any CPU = Debug|Any CPU
		Release|Any CPU = Release|Any CPU
	EndGlobalSection
	GlobalSection(ProjectConfigurationPlatforms) = postSolution
		{9DACC51D-A111-4530-A0A0-7AB66735E661}.Debug|Any CPU.ActiveCfg = Debug|Any CPU
		{9DACC51D-A111-4530-A0A0-7AB66735E661}.Debug|Any CPU.Build.0 = Debug|Any CPU
		{9DACC51D-A111-4530-A0A0-7AB66735E661}.Release|Any CPU.ActiveCfg = Release|Any CPU
		{9DACC51D-A111-4530-A0A0-7AB66735E661}.Release|Any CPU.Build.0 = Release|Any CPU
	EndGlobalSection
	GlobalSection(SolutionProperties) = preSolution
		HideSolutionNode = FALSE
	EndGlobalSection
	GlobalSection(ExtensibilityGlobals) = postSolution
		SolutionGuid = {A3F51690-CF86-4253-B41C-6A8E8CE1842E}
	EndGlobalSection
EndGlobal
